// !$*UTF8*$!
{
	archiveVersion = 1;
	classes = {
	};
	objectVersion = 51;
	objects = {

/* Begin PBXBuildFile section */
		0519F06D26212F6F00C9F71D /* WCPaymentCell.swift in Sources */ = {isa = PBXBuildFile; fileRef = 0519F06C26212F6F00C9F71D /* WCPaymentCell.swift */; };
		0519F07526212FF300C9F71D /* WCPayerCell.swift in Sources */ = {isa = PBXBuildFile; fileRef = 0519F07426212FF300C9F71D /* WCPayerCell.swift */; };
		0519F07A2621300900C9F71D /* WCDebtorCell.swift in Sources */ = {isa = PBXBuildFile; fileRef = 0519F0792621300900C9F71D /* WCDebtorCell.swift */; };
		0519F07F2621304600C9F71D /* WCPaymentCell.xib in Resources */ = {isa = PBXBuildFile; fileRef = 0519F07E2621304600C9F71D /* WCPaymentCell.xib */; };
		0519F084262130B100C9F71D /* WCPayerCell.xib in Resources */ = {isa = PBXBuildFile; fileRef = 0519F083262130B100C9F71D /* WCPayerCell.xib */; };
		0519F089262130D500C9F71D /* WCDebtorCell.xib in Resources */ = {isa = PBXBuildFile; fileRef = 0519F088262130D500C9F71D /* WCDebtorCell.xib */; };
		0519F09B262151FF00C9F71D /* WCEventCell.xib in Resources */ = {isa = PBXBuildFile; fileRef = 0519F09A262151FF00C9F71D /* WCEventCell.xib */; };
		0519F0A02621525700C9F71D /* WCEventCell.swift in Sources */ = {isa = PBXBuildFile; fileRef = 0519F09F2621525700C9F71D /* WCEventCell.swift */; };
		0524E9BD26E460AE00EBA291 /* DBTest.swift in Sources */ = {isa = PBXBuildFile; fileRef = 0524E9BC26E460AE00EBA291 /* DBTest.swift */; };
		05272A582642CF25009AAA95 /* WCStringHelper.swift in Sources */ = {isa = PBXBuildFile; fileRef = 05272A572642CF25009AAA95 /* WCStringHelper.swift */; };
		05278D4D26E4E0F900CC9AC0 /* CalculateMethodTest.swift in Sources */ = {isa = PBXBuildFile; fileRef = 05278D4C26E4E0F900CC9AC0 /* CalculateMethodTest.swift */; };
		0538203B26303CD300E5B835 /* WCEventModel.swift in Sources */ = {isa = PBXBuildFile; fileRef = 0538203A26303CD300E5B835 /* WCEventModel.swift */; };
		0538204026303DAE00E5B835 /* WCPaymentModel.swift in Sources */ = {isa = PBXBuildFile; fileRef = 0538203F26303DAE00E5B835 /* WCPaymentModel.swift */; };
		0538204526303F5400E5B835 /* WCParticipantModel.swift in Sources */ = {isa = PBXBuildFile; fileRef = 0538204426303F5400E5B835 /* WCParticipantModel.swift */; };
		0538204A2630408800E5B835 /* WCRealmHelper.swift in Sources */ = {isa = PBXBuildFile; fileRef = 053820492630408800E5B835 /* WCRealmHelper.swift */; };
		053C5817261C975E0068185D /* WCEventDetailViewController.swift in Sources */ = {isa = PBXBuildFile; fileRef = 053C5816261C975E0068185D /* WCEventDetailViewController.swift */; };
		0561C39F26E61DF600C8CB4F /* WCUtilityClass.swift in Sources */ = {isa = PBXBuildFile; fileRef = 0561C39E26E61DF600C8CB4F /* WCUtilityClass.swift */; };
		059835D626323F60004C8089 /* WCCustomUIButton.swift in Sources */ = {isa = PBXBuildFile; fileRef = 059835D526323F60004C8089 /* WCCustomUIButton.swift */; };
		05A7F1A526075DC200C05D38 /* R.generated.swift in Sources */ = {isa = PBXBuildFile; fileRef = 05A7F1A426075DC200C05D38 /* R.generated.swift */; };
		05DCC10C26075A0C00297E2F /* AppDelegate.swift in Sources */ = {isa = PBXBuildFile; fileRef = 05DCC10B26075A0C00297E2F /* AppDelegate.swift */; };
		05DCC10E26075A0C00297E2F /* SceneDelegate.swift in Sources */ = {isa = PBXBuildFile; fileRef = 05DCC10D26075A0C00297E2F /* SceneDelegate.swift */; };
		05DCC11026075A0C00297E2F /* WCBaseViewController.swift in Sources */ = {isa = PBXBuildFile; fileRef = 05DCC10F26075A0C00297E2F /* WCBaseViewController.swift */; };
		05DCC11326075A0C00297E2F /* Main.storyboard in Resources */ = {isa = PBXBuildFile; fileRef = 05DCC11126075A0C00297E2F /* Main.storyboard */; };
		05DCC11526075A0E00297E2F /* Assets.xcassets in Resources */ = {isa = PBXBuildFile; fileRef = 05DCC11426075A0E00297E2F /* Assets.xcassets */; };
		05DCC11826075A0E00297E2F /* LaunchScreen.storyboard in Resources */ = {isa = PBXBuildFile; fileRef = 05DCC11626075A0E00297E2F /* LaunchScreen.storyboard */; };
		05DCC12326075A0F00297E2F /* WariCanTests.swift in Sources */ = {isa = PBXBuildFile; fileRef = 05DCC12226075A0F00297E2F /* WariCanTests.swift */; };
		05DCC12E26075A0F00297E2F /* WariCanUITests.swift in Sources */ = {isa = PBXBuildFile; fileRef = 05DCC12D26075A0F00297E2F /* WariCanUITests.swift */; };
		05FA6B40261431E00054531B /* WCEventRegistrationViewController.swift in Sources */ = {isa = PBXBuildFile; fileRef = 05FA6B3F261431E00054531B /* WCEventRegistrationViewController.swift */; };
		05FD0D1E261875A8006C34CA /* WCPeopleCell.swift in Sources */ = {isa = PBXBuildFile; fileRef = 05FD0D1D261875A8006C34CA /* WCPeopleCell.swift */; };
		05FD0D2326187620006C34CA /* WCPeopleCell.xib in Resources */ = {isa = PBXBuildFile; fileRef = 05FD0D2226187620006C34CA /* WCPeopleCell.xib */; };
		4978E34DFA90772BE31CD85D /* Pods_WariCan_WariCanUITests.framework in Frameworks */ = {isa = PBXBuildFile; fileRef = E85B261FC72B1A57726A05F4 /* Pods_WariCan_WariCanUITests.framework */; };
		5E4939A5ADEDE7F6B7ED296B /* Pods_WariCanTests.framework in Frameworks */ = {isa = PBXBuildFile; fileRef = 88365027541EF2471D1229B2 /* Pods_WariCanTests.framework */; };
		E897E4FCD5B67F497CFB6F5F /* Pods_WariCan.framework in Frameworks */ = {isa = PBXBuildFile; fileRef = 45E0966D803293ECF519CA94 /* Pods_WariCan.framework */; };
/* End PBXBuildFile section */

/* Begin PBXContainerItemProxy section */
		05DCC11F26075A0F00297E2F /* PBXContainerItemProxy */ = {
			isa = PBXContainerItemProxy;
			containerPortal = 05DCC10026075A0C00297E2F /* Project object */;
			proxyType = 1;
			remoteGlobalIDString = 05DCC10726075A0C00297E2F;
			remoteInfo = WariCan;
		};
		05DCC12A26075A0F00297E2F /* PBXContainerItemProxy */ = {
			isa = PBXContainerItemProxy;
			containerPortal = 05DCC10026075A0C00297E2F /* Project object */;
			proxyType = 1;
			remoteGlobalIDString = 05DCC10726075A0C00297E2F;
			remoteInfo = WariCan;
		};
/* End PBXContainerItemProxy section */

/* Begin PBXFileReference section */
		0519F06C26212F6F00C9F71D /* WCPaymentCell.swift */ = {isa = PBXFileReference; lastKnownFileType = sourcecode.swift; path = WCPaymentCell.swift; sourceTree = "<group>"; };
		0519F07426212FF300C9F71D /* WCPayerCell.swift */ = {isa = PBXFileReference; lastKnownFileType = sourcecode.swift; path = WCPayerCell.swift; sourceTree = "<group>"; };
		0519F0792621300900C9F71D /* WCDebtorCell.swift */ = {isa = PBXFileReference; lastKnownFileType = sourcecode.swift; path = WCDebtorCell.swift; sourceTree = "<group>"; };
		0519F07E2621304600C9F71D /* WCPaymentCell.xib */ = {isa = PBXFileReference; lastKnownFileType = file.xib; path = WCPaymentCell.xib; sourceTree = "<group>"; };
		0519F083262130B100C9F71D /* WCPayerCell.xib */ = {isa = PBXFileReference; lastKnownFileType = file.xib; path = WCPayerCell.xib; sourceTree = "<group>"; };
		0519F088262130D500C9F71D /* WCDebtorCell.xib */ = {isa = PBXFileReference; lastKnownFileType = file.xib; path = WCDebtorCell.xib; sourceTree = "<group>"; };
		0519F09A262151FF00C9F71D /* WCEventCell.xib */ = {isa = PBXFileReference; lastKnownFileType = file.xib; path = WCEventCell.xib; sourceTree = "<group>"; };
		0519F09F2621525700C9F71D /* WCEventCell.swift */ = {isa = PBXFileReference; lastKnownFileType = sourcecode.swift; path = WCEventCell.swift; sourceTree = "<group>"; };
		0524E9BC26E460AE00EBA291 /* DBTest.swift */ = {isa = PBXFileReference; lastKnownFileType = sourcecode.swift; path = DBTest.swift; sourceTree = "<group>"; };
		05272A572642CF25009AAA95 /* WCStringHelper.swift */ = {isa = PBXFileReference; lastKnownFileType = sourcecode.swift; path = WCStringHelper.swift; sourceTree = "<group>"; };
		05278D4C26E4E0F900CC9AC0 /* CalculateMethodTest.swift */ = {isa = PBXFileReference; lastKnownFileType = sourcecode.swift; path = CalculateMethodTest.swift; sourceTree = "<group>"; };
		0538203A26303CD300E5B835 /* WCEventModel.swift */ = {isa = PBXFileReference; lastKnownFileType = sourcecode.swift; path = WCEventModel.swift; sourceTree = "<group>"; };
		0538203F26303DAE00E5B835 /* WCPaymentModel.swift */ = {isa = PBXFileReference; lastKnownFileType = sourcecode.swift; path = WCPaymentModel.swift; sourceTree = "<group>"; };
		0538204426303F5400E5B835 /* WCParticipantModel.swift */ = {isa = PBXFileReference; lastKnownFileType = sourcecode.swift; path = WCParticipantModel.swift; sourceTree = "<group>"; };
		053820492630408800E5B835 /* WCRealmHelper.swift */ = {isa = PBXFileReference; lastKnownFileType = sourcecode.swift; path = WCRealmHelper.swift; sourceTree = "<group>"; };
		053C5816261C975E0068185D /* WCEventDetailViewController.swift */ = {isa = PBXFileReference; lastKnownFileType = sourcecode.swift; path = WCEventDetailViewController.swift; sourceTree = "<group>"; };
		0561C39E26E61DF600C8CB4F /* WCUtilityClass.swift */ = {isa = PBXFileReference; lastKnownFileType = sourcecode.swift; path = WCUtilityClass.swift; sourceTree = "<group>"; };
		059835D526323F60004C8089 /* WCCustomUIButton.swift */ = {isa = PBXFileReference; lastKnownFileType = sourcecode.swift; path = WCCustomUIButton.swift; sourceTree = "<group>"; };
		05A7F1A426075DC200C05D38 /* R.generated.swift */ = {isa = PBXFileReference; fileEncoding = 4; lastKnownFileType = sourcecode.swift; path = R.generated.swift; sourceTree = "<group>"; };
		05DCC10826075A0C00297E2F /* WariCan.app */ = {isa = PBXFileReference; explicitFileType = wrapper.application; includeInIndex = 0; path = WariCan.app; sourceTree = BUILT_PRODUCTS_DIR; };
		05DCC10B26075A0C00297E2F /* AppDelegate.swift */ = {isa = PBXFileReference; lastKnownFileType = sourcecode.swift; path = AppDelegate.swift; sourceTree = "<group>"; };
		05DCC10D26075A0C00297E2F /* SceneDelegate.swift */ = {isa = PBXFileReference; lastKnownFileType = sourcecode.swift; path = SceneDelegate.swift; sourceTree = "<group>"; };
		05DCC10F26075A0C00297E2F /* WCBaseViewController.swift */ = {isa = PBXFileReference; lastKnownFileType = sourcecode.swift; path = WCBaseViewController.swift; sourceTree = "<group>"; };
		05DCC11226075A0C00297E2F /* Base */ = {isa = PBXFileReference; lastKnownFileType = file.storyboard; name = Base; path = Base.lproj/Main.storyboard; sourceTree = "<group>"; };
		05DCC11426075A0E00297E2F /* Assets.xcassets */ = {isa = PBXFileReference; lastKnownFileType = folder.assetcatalog; path = Assets.xcassets; sourceTree = "<group>"; };
		05DCC11726075A0E00297E2F /* Base */ = {isa = PBXFileReference; lastKnownFileType = file.storyboard; name = Base; path = Base.lproj/LaunchScreen.storyboard; sourceTree = "<group>"; };
		05DCC11926075A0E00297E2F /* Info.plist */ = {isa = PBXFileReference; lastKnownFileType = text.plist.xml; path = Info.plist; sourceTree = "<group>"; };
		05DCC11E26075A0F00297E2F /* WariCanTests.xctest */ = {isa = PBXFileReference; explicitFileType = wrapper.cfbundle; includeInIndex = 0; path = WariCanTests.xctest; sourceTree = BUILT_PRODUCTS_DIR; };
		05DCC12226075A0F00297E2F /* WariCanTests.swift */ = {isa = PBXFileReference; lastKnownFileType = sourcecode.swift; path = WariCanTests.swift; sourceTree = "<group>"; };
		05DCC12426075A0F00297E2F /* Info.plist */ = {isa = PBXFileReference; lastKnownFileType = text.plist.xml; path = Info.plist; sourceTree = "<group>"; };
		05DCC12926075A0F00297E2F /* WariCanUITests.xctest */ = {isa = PBXFileReference; explicitFileType = wrapper.cfbundle; includeInIndex = 0; path = WariCanUITests.xctest; sourceTree = BUILT_PRODUCTS_DIR; };
		05DCC12D26075A0F00297E2F /* WariCanUITests.swift */ = {isa = PBXFileReference; lastKnownFileType = sourcecode.swift; path = WariCanUITests.swift; sourceTree = "<group>"; };
		05DCC12F26075A0F00297E2F /* Info.plist */ = {isa = PBXFileReference; lastKnownFileType = text.plist.xml; path = Info.plist; sourceTree = "<group>"; };
		05FA6B3F261431E00054531B /* WCEventRegistrationViewController.swift */ = {isa = PBXFileReference; lastKnownFileType = sourcecode.swift; path = WCEventRegistrationViewController.swift; sourceTree = "<group>"; };
		05FD0D1D261875A8006C34CA /* WCPeopleCell.swift */ = {isa = PBXFileReference; lastKnownFileType = sourcecode.swift; path = WCPeopleCell.swift; sourceTree = "<group>"; };
		05FD0D2226187620006C34CA /* WCPeopleCell.xib */ = {isa = PBXFileReference; lastKnownFileType = file.xib; path = WCPeopleCell.xib; sourceTree = "<group>"; };
		11D049E4686EA0E15B712167 /* Pods-WariCanTests.debug.xcconfig */ = {isa = PBXFileReference; includeInIndex = 1; lastKnownFileType = text.xcconfig; name = "Pods-WariCanTests.debug.xcconfig"; path = "Target Support Files/Pods-WariCanTests/Pods-WariCanTests.debug.xcconfig"; sourceTree = "<group>"; };
		45E0966D803293ECF519CA94 /* Pods_WariCan.framework */ = {isa = PBXFileReference; explicitFileType = wrapper.framework; includeInIndex = 0; path = Pods_WariCan.framework; sourceTree = BUILT_PRODUCTS_DIR; };
		5BF916C6F4591E25A4A237D4 /* Pods-WariCan.release.xcconfig */ = {isa = PBXFileReference; includeInIndex = 1; lastKnownFileType = text.xcconfig; name = "Pods-WariCan.release.xcconfig"; path = "Target Support Files/Pods-WariCan/Pods-WariCan.release.xcconfig"; sourceTree = "<group>"; };
		6D1B048357473C9F91A0B189 /* Pods-WariCan.debug.xcconfig */ = {isa = PBXFileReference; includeInIndex = 1; lastKnownFileType = text.xcconfig; name = "Pods-WariCan.debug.xcconfig"; path = "Target Support Files/Pods-WariCan/Pods-WariCan.debug.xcconfig"; sourceTree = "<group>"; };
		88365027541EF2471D1229B2 /* Pods_WariCanTests.framework */ = {isa = PBXFileReference; explicitFileType = wrapper.framework; includeInIndex = 0; path = Pods_WariCanTests.framework; sourceTree = BUILT_PRODUCTS_DIR; };
		ABF6E8AFE7326DFECD00BA83 /* Pods-WariCan-WariCanUITests.debug.xcconfig */ = {isa = PBXFileReference; includeInIndex = 1; lastKnownFileType = text.xcconfig; name = "Pods-WariCan-WariCanUITests.debug.xcconfig"; path = "Target Support Files/Pods-WariCan-WariCanUITests/Pods-WariCan-WariCanUITests.debug.xcconfig"; sourceTree = "<group>"; };
		C84D0BAA12D09D32D68F8520 /* Pods-WariCan-WariCanUITests.release.xcconfig */ = {isa = PBXFileReference; includeInIndex = 1; lastKnownFileType = text.xcconfig; name = "Pods-WariCan-WariCanUITests.release.xcconfig"; path = "Target Support Files/Pods-WariCan-WariCanUITests/Pods-WariCan-WariCanUITests.release.xcconfig"; sourceTree = "<group>"; };
		E85B261FC72B1A57726A05F4 /* Pods_WariCan_WariCanUITests.framework */ = {isa = PBXFileReference; explicitFileType = wrapper.framework; includeInIndex = 0; path = Pods_WariCan_WariCanUITests.framework; sourceTree = BUILT_PRODUCTS_DIR; };
		F3D01ED13038B7A7A78D3854 /* Pods-WariCanTests.release.xcconfig */ = {isa = PBXFileReference; includeInIndex = 1; lastKnownFileType = text.xcconfig; name = "Pods-WariCanTests.release.xcconfig"; path = "Target Support Files/Pods-WariCanTests/Pods-WariCanTests.release.xcconfig"; sourceTree = "<group>"; };
/* End PBXFileReference section */

/* Begin PBXFrameworksBuildPhase section */
		05DCC10526075A0C00297E2F /* Frameworks */ = {
			isa = PBXFrameworksBuildPhase;
			buildActionMask = 2147483647;
			files = (
				E897E4FCD5B67F497CFB6F5F /* Pods_WariCan.framework in Frameworks */,
			);
			runOnlyForDeploymentPostprocessing = 0;
		};
		05DCC11B26075A0F00297E2F /* Frameworks */ = {
			isa = PBXFrameworksBuildPhase;
			buildActionMask = 2147483647;
			files = (
				5E4939A5ADEDE7F6B7ED296B /* Pods_WariCanTests.framework in Frameworks */,
			);
			runOnlyForDeploymentPostprocessing = 0;
		};
		05DCC12626075A0F00297E2F /* Frameworks */ = {
			isa = PBXFrameworksBuildPhase;
			buildActionMask = 2147483647;
			files = (
				4978E34DFA90772BE31CD85D /* Pods_WariCan_WariCanUITests.framework in Frameworks */,
			);
			runOnlyForDeploymentPostprocessing = 0;
		};
/* End PBXFrameworksBuildPhase section */

/* Begin PBXGroup section */
		051702D5262FA16100AC8EE4 /* Model */ = {
			isa = PBXGroup;
			children = (
				0538203A26303CD300E5B835 /* WCEventModel.swift */,
				0538203F26303DAE00E5B835 /* WCPaymentModel.swift */,
				0538204426303F5400E5B835 /* WCParticipantModel.swift */,
				053820492630408800E5B835 /* WCRealmHelper.swift */,
				05272A572642CF25009AAA95 /* WCStringHelper.swift */,
			);
			name = Model;
			sourceTree = "<group>";
		};
		0519F06A26212F2000C9F71D /* EventRegistrationView */ = {
			isa = PBXGroup;
			children = (
				05FD0D1D261875A8006C34CA /* WCPeopleCell.swift */,
				05FD0D2226187620006C34CA /* WCPeopleCell.xib */,
			);
			name = EventRegistrationView;
			sourceTree = "<group>";
		};
		0519F06B26212F4100C9F71D /* EventDetailView */ = {
			isa = PBXGroup;
			children = (
				0519F06C26212F6F00C9F71D /* WCPaymentCell.swift */,
				0519F07E2621304600C9F71D /* WCPaymentCell.xib */,
				0519F07426212FF300C9F71D /* WCPayerCell.swift */,
				0519F083262130B100C9F71D /* WCPayerCell.xib */,
				0519F0792621300900C9F71D /* WCDebtorCell.swift */,
				0519F088262130D500C9F71D /* WCDebtorCell.xib */,
			);
			name = EventDetailView;
			sourceTree = "<group>";
		};
		0519F099262151DC00C9F71D /* TableViewCell */ = {
			isa = PBXGroup;
			children = (
				0561C39D26E61D1900C8CB4F /* BaseView */,
				0519F06B26212F4100C9F71D /* EventDetailView */,
				0519F06A26212F2000C9F71D /* EventRegistrationView */,
			);
			name = TableViewCell;
			sourceTree = "<group>";
		};
		0561C39D26E61D1900C8CB4F /* BaseView */ = {
			isa = PBXGroup;
			children = (
				0519F09F2621525700C9F71D /* WCEventCell.swift */,
				0519F09A262151FF00C9F71D /* WCEventCell.xib */,
			);
			name = BaseView;
			sourceTree = "<group>";
		};
		059835D126323F4D004C8089 /* CustomClass */ = {
			isa = PBXGroup;
			children = (
				059835D526323F60004C8089 /* WCCustomUIButton.swift */,
				0561C39E26E61DF600C8CB4F /* WCUtilityClass.swift */,
			);
			name = CustomClass;
			sourceTree = "<group>";
		};
		05A7F1A926075EBA00C05D38 /* Launch */ = {
			isa = PBXGroup;
			children = (
				05DCC10B26075A0C00297E2F /* AppDelegate.swift */,
				05DCC10D26075A0C00297E2F /* SceneDelegate.swift */,
				05DCC11626075A0E00297E2F /* LaunchScreen.storyboard */,
			);
			name = Launch;
			sourceTree = "<group>";
		};
		05DCC0FF26075A0C00297E2F = {
			isa = PBXGroup;
			children = (
				05A7F1A426075DC200C05D38 /* R.generated.swift */,
				05DCC10A26075A0C00297E2F /* WariCan */,
				05DCC12126075A0F00297E2F /* WariCanTests */,
				05DCC12C26075A0F00297E2F /* WariCanUITests */,
				05DCC10926075A0C00297E2F /* Products */,
				D32D4D8B1958D2073F0D0BAC /* Pods */,
				9B2E6FFAC57080E9DC9AD760 /* Frameworks */,
			);
			sourceTree = "<group>";
		};
		05DCC10926075A0C00297E2F /* Products */ = {
			isa = PBXGroup;
			children = (
				05DCC10826075A0C00297E2F /* WariCan.app */,
				05DCC11E26075A0F00297E2F /* WariCanTests.xctest */,
				05DCC12926075A0F00297E2F /* WariCanUITests.xctest */,
			);
			name = Products;
			sourceTree = "<group>";
		};
		05DCC10A26075A0C00297E2F /* WariCan */ = {
			isa = PBXGroup;
			children = (
				051702D5262FA16100AC8EE4 /* Model */,
				05FA6B47261466930054531B /* ViewController */,
				05FA6B48261466AA0054531B /* Parts */,
				05A7F1A926075EBA00C05D38 /* Launch */,
				05DCC11426075A0E00297E2F /* Assets.xcassets */,
				05DCC11926075A0E00297E2F /* Info.plist */,
			);
			path = WariCan;
			sourceTree = "<group>";
		};
		05DCC12126075A0F00297E2F /* WariCanTests */ = {
			isa = PBXGroup;
			children = (
				0524E9BC26E460AE00EBA291 /* DBTest.swift */,
				05278D4C26E4E0F900CC9AC0 /* CalculateMethodTest.swift */,
				05DCC12226075A0F00297E2F /* WariCanTests.swift */,
				05DCC12426075A0F00297E2F /* Info.plist */,
			);
			path = WariCanTests;
			sourceTree = "<group>";
		};
		05DCC12C26075A0F00297E2F /* WariCanUITests */ = {
			isa = PBXGroup;
			children = (
				05DCC12D26075A0F00297E2F /* WariCanUITests.swift */,
				05DCC12F26075A0F00297E2F /* Info.plist */,
			);
			path = WariCanUITests;
			sourceTree = "<group>";
		};
		05FA6B47261466930054531B /* ViewController */ = {
			isa = PBXGroup;
			children = (
				05DCC10F26075A0C00297E2F /* WCBaseViewController.swift */,
				05FA6B3F261431E00054531B /* WCEventRegistrationViewController.swift */,
				05DCC11126075A0C00297E2F /* Main.storyboard */,
				053C5816261C975E0068185D /* WCEventDetailViewController.swift */,
			);
			name = ViewController;
			sourceTree = "<group>";
		};
		05FA6B48261466AA0054531B /* Parts */ = {
			isa = PBXGroup;
			children = (
				059835D126323F4D004C8089 /* CustomClass */,
				0519F099262151DC00C9F71D /* TableViewCell */,
			);
			name = Parts;
			sourceTree = "<group>";
		};
		9B2E6FFAC57080E9DC9AD760 /* Frameworks */ = {
			isa = PBXGroup;
			children = (
				45E0966D803293ECF519CA94 /* Pods_WariCan.framework */,
				E85B261FC72B1A57726A05F4 /* Pods_WariCan_WariCanUITests.framework */,
				88365027541EF2471D1229B2 /* Pods_WariCanTests.framework */,
			);
			name = Frameworks;
			sourceTree = "<group>";
		};
		D32D4D8B1958D2073F0D0BAC /* Pods */ = {
			isa = PBXGroup;
			children = (
				6D1B048357473C9F91A0B189 /* Pods-WariCan.debug.xcconfig */,
				5BF916C6F4591E25A4A237D4 /* Pods-WariCan.release.xcconfig */,
				ABF6E8AFE7326DFECD00BA83 /* Pods-WariCan-WariCanUITests.debug.xcconfig */,
				C84D0BAA12D09D32D68F8520 /* Pods-WariCan-WariCanUITests.release.xcconfig */,
				11D049E4686EA0E15B712167 /* Pods-WariCanTests.debug.xcconfig */,
				F3D01ED13038B7A7A78D3854 /* Pods-WariCanTests.release.xcconfig */,
			);
			path = Pods;
			sourceTree = "<group>";
		};
/* End PBXGroup section */

/* Begin PBXNativeTarget section */
		05DCC10726075A0C00297E2F /* WariCan */ = {
			isa = PBXNativeTarget;
			buildConfigurationList = 05DCC13226075A0F00297E2F /* Build configuration list for PBXNativeTarget "WariCan" */;
			buildPhases = (
				097B368158BA1DFFEFACD54A /* [CP] Check Pods Manifest.lock */,
				05A7F19A26075D5000C05D38 /* R.swift Script */,
				05DCC10426075A0C00297E2F /* Sources */,
				05DCC10526075A0C00297E2F /* Frameworks */,
				05DCC10626075A0C00297E2F /* Resources */,
				9D7F00A2EF95152EC1F241F6 /* [CP] Embed Pods Frameworks */,
				05716DF626381F5C00770AE1 /* SwiftLint Run Script */,
			);
			buildRules = (
			);
			dependencies = (
			);
			name = WariCan;
			productName = WariCan;
			productReference = 05DCC10826075A0C00297E2F /* WariCan.app */;
			productType = "com.apple.product-type.application";
		};
		05DCC11D26075A0F00297E2F /* WariCanTests */ = {
			isa = PBXNativeTarget;
			buildConfigurationList = 05DCC13526075A0F00297E2F /* Build configuration list for PBXNativeTarget "WariCanTests" */;
			buildPhases = (
				39CD57544D1DB7163F2C2048 /* [CP] Check Pods Manifest.lock */,
				05DCC11A26075A0F00297E2F /* Sources */,
				05DCC11B26075A0F00297E2F /* Frameworks */,
				05DCC11C26075A0F00297E2F /* Resources */,
			);
			buildRules = (
			);
			dependencies = (
				05DCC12026075A0F00297E2F /* PBXTargetDependency */,
			);
			name = WariCanTests;
			productName = WariCanTests;
			productReference = 05DCC11E26075A0F00297E2F /* WariCanTests.xctest */;
			productType = "com.apple.product-type.bundle.unit-test";
		};
		05DCC12826075A0F00297E2F /* WariCanUITests */ = {
			isa = PBXNativeTarget;
			buildConfigurationList = 05DCC13826075A0F00297E2F /* Build configuration list for PBXNativeTarget "WariCanUITests" */;
			buildPhases = (
				EF6ABE4688AADDDB41247DDA /* [CP] Check Pods Manifest.lock */,
				05DCC12526075A0F00297E2F /* Sources */,
				05DCC12626075A0F00297E2F /* Frameworks */,
				05DCC12726075A0F00297E2F /* Resources */,
				D0B1BCBE95F6B783D5143695 /* [CP] Embed Pods Frameworks */,
			);
			buildRules = (
			);
			dependencies = (
				05DCC12B26075A0F00297E2F /* PBXTargetDependency */,
			);
			name = WariCanUITests;
			productName = WariCanUITests;
			productReference = 05DCC12926075A0F00297E2F /* WariCanUITests.xctest */;
			productType = "com.apple.product-type.bundle.ui-testing";
		};
/* End PBXNativeTarget section */

/* Begin PBXProject section */
		05DCC10026075A0C00297E2F /* Project object */ = {
			isa = PBXProject;
			attributes = {
				LastSwiftUpdateCheck = 1240;
				LastUpgradeCheck = 1240;
				TargetAttributes = {
					05DCC10726075A0C00297E2F = {
						CreatedOnToolsVersion = 12.4;
					};
					05DCC11D26075A0F00297E2F = {
						CreatedOnToolsVersion = 12.4;
						TestTargetID = 05DCC10726075A0C00297E2F;
					};
					05DCC12826075A0F00297E2F = {
						CreatedOnToolsVersion = 12.4;
						TestTargetID = 05DCC10726075A0C00297E2F;
					};
				};
			};
			buildConfigurationList = 05DCC10326075A0C00297E2F /* Build configuration list for PBXProject "WariCan" */;
			compatibilityVersion = "Xcode 9.3";
			developmentRegion = en;
			hasScannedForEncodings = 0;
			knownRegions = (
				en,
				Base,
			);
			mainGroup = 05DCC0FF26075A0C00297E2F;
			productRefGroup = 05DCC10926075A0C00297E2F /* Products */;
			projectDirPath = "";
			projectRoot = "";
			targets = (
				05DCC10726075A0C00297E2F /* WariCan */,
				05DCC11D26075A0F00297E2F /* WariCanTests */,
				05DCC12826075A0F00297E2F /* WariCanUITests */,
			);
		};
/* End PBXProject section */

/* Begin PBXResourcesBuildPhase section */
		05DCC10626075A0C00297E2F /* Resources */ = {
			isa = PBXResourcesBuildPhase;
			buildActionMask = 2147483647;
			files = (
				05FD0D2326187620006C34CA /* WCPeopleCell.xib in Resources */,
				05DCC11826075A0E00297E2F /* LaunchScreen.storyboard in Resources */,
				05DCC11526075A0E00297E2F /* Assets.xcassets in Resources */,
				05DCC11326075A0C00297E2F /* Main.storyboard in Resources */,
				0519F09B262151FF00C9F71D /* WCEventCell.xib in Resources */,
				0519F07F2621304600C9F71D /* WCPaymentCell.xib in Resources */,
				0519F084262130B100C9F71D /* WCPayerCell.xib in Resources */,
				0519F089262130D500C9F71D /* WCDebtorCell.xib in Resources */,
			);
			runOnlyForDeploymentPostprocessing = 0;
		};
		05DCC11C26075A0F00297E2F /* Resources */ = {
			isa = PBXResourcesBuildPhase;
			buildActionMask = 2147483647;
			files = (
			);
			runOnlyForDeploymentPostprocessing = 0;
		};
		05DCC12726075A0F00297E2F /* Resources */ = {
			isa = PBXResourcesBuildPhase;
			buildActionMask = 2147483647;
			files = (
			);
			runOnlyForDeploymentPostprocessing = 0;
		};
/* End PBXResourcesBuildPhase section */

/* Begin PBXShellScriptBuildPhase section */
		05716DF626381F5C00770AE1 /* SwiftLint Run Script */ = {
			isa = PBXShellScriptBuildPhase;
			buildActionMask = 2147483647;
			files = (
			);
			inputFileListPaths = (
			);
			inputPaths = (
			);
			name = "SwiftLint Run Script";
			outputFileListPaths = (
			);
			outputPaths = (
			);
			runOnlyForDeploymentPostprocessing = 0;
			shellPath = /bin/sh;
			shellScript = "# Type a script or drag a script file from your workspace to insert its path.\nif which \"${PODS_ROOT}/SwiftLint/swiftlint\" >/dev/null; then\n${PODS_ROOT}/SwiftLint/swiftlint\nelse\necho \"warning: SwiftLint not installed, download from https://github.com/realm/SwiftLint\"\nfi\n";
		};
		05A7F19A26075D5000C05D38 /* R.swift Script */ = {
			isa = PBXShellScriptBuildPhase;
			buildActionMask = 2147483647;
			files = (
			);
			inputFileListPaths = (
			);
			inputPaths = (
				"$TEMP_DIR/rswift-lastrun",
			);
			name = "R.swift Script";
			outputFileListPaths = (
			);
			outputPaths = (
				$SRCROOT/R.generated.swift,
			);
			runOnlyForDeploymentPostprocessing = 0;
			shellPath = /bin/sh;
			shellScript = "# Type a script or drag a script file from your workspace to insert its path.\n\"$PODS_ROOT/R.swift/rswift\" generate \"$SRCROOT/R.generated.swift\"\n";
		};
		097B368158BA1DFFEFACD54A /* [CP] Check Pods Manifest.lock */ = {
			isa = PBXShellScriptBuildPhase;
			buildActionMask = 2147483647;
			files = (
			);
			inputFileListPaths = (
			);
			inputPaths = (
				"${PODS_PODFILE_DIR_PATH}/Podfile.lock",
				"${PODS_ROOT}/Manifest.lock",
			);
			name = "[CP] Check Pods Manifest.lock";
			outputFileListPaths = (
			);
			outputPaths = (
				"$(DERIVED_FILE_DIR)/Pods-WariCan-checkManifestLockResult.txt",
			);
			runOnlyForDeploymentPostprocessing = 0;
			shellPath = /bin/sh;
			shellScript = "diff \"${PODS_PODFILE_DIR_PATH}/Podfile.lock\" \"${PODS_ROOT}/Manifest.lock\" > /dev/null\nif [ $? != 0 ] ; then\n    # print error to STDERR\n    echo \"error: The sandbox is not in sync with the Podfile.lock. Run 'pod install' or update your CocoaPods installation.\" >&2\n    exit 1\nfi\n# This output is used by Xcode 'outputs' to avoid re-running this script phase.\necho \"SUCCESS\" > \"${SCRIPT_OUTPUT_FILE_0}\"\n";
			showEnvVarsInLog = 0;
		};
		39CD57544D1DB7163F2C2048 /* [CP] Check Pods Manifest.lock */ = {
			isa = PBXShellScriptBuildPhase;
			buildActionMask = 2147483647;
			files = (
			);
			inputFileListPaths = (
			);
			inputPaths = (
				"${PODS_PODFILE_DIR_PATH}/Podfile.lock",
				"${PODS_ROOT}/Manifest.lock",
			);
			name = "[CP] Check Pods Manifest.lock";
			outputFileListPaths = (
			);
			outputPaths = (
				"$(DERIVED_FILE_DIR)/Pods-WariCanTests-checkManifestLockResult.txt",
			);
			runOnlyForDeploymentPostprocessing = 0;
			shellPath = /bin/sh;
			shellScript = "diff \"${PODS_PODFILE_DIR_PATH}/Podfile.lock\" \"${PODS_ROOT}/Manifest.lock\" > /dev/null\nif [ $? != 0 ] ; then\n    # print error to STDERR\n    echo \"error: The sandbox is not in sync with the Podfile.lock. Run 'pod install' or update your CocoaPods installation.\" >&2\n    exit 1\nfi\n# This output is used by Xcode 'outputs' to avoid re-running this script phase.\necho \"SUCCESS\" > \"${SCRIPT_OUTPUT_FILE_0}\"\n";
			showEnvVarsInLog = 0;
		};
		9D7F00A2EF95152EC1F241F6 /* [CP] Embed Pods Frameworks */ = {
			isa = PBXShellScriptBuildPhase;
			buildActionMask = 2147483647;
			files = (
			);
			inputFileListPaths = (
				"${PODS_ROOT}/Target Support Files/Pods-WariCan/Pods-WariCan-frameworks-${CONFIGURATION}-input-files.xcfilelist",
			);
			name = "[CP] Embed Pods Frameworks";
			outputFileListPaths = (
				"${PODS_ROOT}/Target Support Files/Pods-WariCan/Pods-WariCan-frameworks-${CONFIGURATION}-output-files.xcfilelist",
			);
			runOnlyForDeploymentPostprocessing = 0;
			shellPath = /bin/sh;
			shellScript = "\"${PODS_ROOT}/Target Support Files/Pods-WariCan/Pods-WariCan-frameworks.sh\"\n";
			showEnvVarsInLog = 0;
		};
		D0B1BCBE95F6B783D5143695 /* [CP] Embed Pods Frameworks */ = {
			isa = PBXShellScriptBuildPhase;
			buildActionMask = 2147483647;
			files = (
			);
			inputFileListPaths = (
				"${PODS_ROOT}/Target Support Files/Pods-WariCan-WariCanUITests/Pods-WariCan-WariCanUITests-frameworks-${CONFIGURATION}-input-files.xcfilelist",
			);
			name = "[CP] Embed Pods Frameworks";
			outputFileListPaths = (
				"${PODS_ROOT}/Target Support Files/Pods-WariCan-WariCanUITests/Pods-WariCan-WariCanUITests-frameworks-${CONFIGURATION}-output-files.xcfilelist",
			);
			runOnlyForDeploymentPostprocessing = 0;
			shellPath = /bin/sh;
			shellScript = "\"${PODS_ROOT}/Target Support Files/Pods-WariCan-WariCanUITests/Pods-WariCan-WariCanUITests-frameworks.sh\"\n";
			showEnvVarsInLog = 0;
		};
		EF6ABE4688AADDDB41247DDA /* [CP] Check Pods Manifest.lock */ = {
			isa = PBXShellScriptBuildPhase;
			buildActionMask = 2147483647;
			files = (
			);
			inputFileListPaths = (
			);
			inputPaths = (
				"${PODS_PODFILE_DIR_PATH}/Podfile.lock",
				"${PODS_ROOT}/Manifest.lock",
			);
			name = "[CP] Check Pods Manifest.lock";
			outputFileListPaths = (
			);
			outputPaths = (
				"$(DERIVED_FILE_DIR)/Pods-WariCan-WariCanUITests-checkManifestLockResult.txt",
			);
			runOnlyForDeploymentPostprocessing = 0;
			shellPath = /bin/sh;
			shellScript = "diff \"${PODS_PODFILE_DIR_PATH}/Podfile.lock\" \"${PODS_ROOT}/Manifest.lock\" > /dev/null\nif [ $? != 0 ] ; then\n    # print error to STDERR\n    echo \"error: The sandbox is not in sync with the Podfile.lock. Run 'pod install' or update your CocoaPods installation.\" >&2\n    exit 1\nfi\n# This output is used by Xcode 'outputs' to avoid re-running this script phase.\necho \"SUCCESS\" > \"${SCRIPT_OUTPUT_FILE_0}\"\n";
			showEnvVarsInLog = 0;
		};
/* End PBXShellScriptBuildPhase section */

/* Begin PBXSourcesBuildPhase section */
		05DCC10426075A0C00297E2F /* Sources */ = {
			isa = PBXSourcesBuildPhase;
			buildActionMask = 2147483647;
			files = (
				059835D626323F60004C8089 /* WCCustomUIButton.swift in Sources */,
				0519F0A02621525700C9F71D /* WCEventCell.swift in Sources */,
				053C5817261C975E0068185D /* WCEventDetailViewController.swift in Sources */,
				0519F07A2621300900C9F71D /* WCDebtorCell.swift in Sources */,
				05FD0D1E261875A8006C34CA /* WCPeopleCell.swift in Sources */,
				05DCC11026075A0C00297E2F /* WCBaseViewController.swift in Sources */,
				05DCC10C26075A0C00297E2F /* AppDelegate.swift in Sources */,
				0538204026303DAE00E5B835 /* WCPaymentModel.swift in Sources */,
				0538203B26303CD300E5B835 /* WCEventModel.swift in Sources */,
				05FA6B40261431E00054531B /* WCEventRegistrationViewController.swift in Sources */,
				05DCC10E26075A0C00297E2F /* SceneDelegate.swift in Sources */,
				05272A582642CF25009AAA95 /* WCStringHelper.swift in Sources */,
				0519F06D26212F6F00C9F71D /* WCPaymentCell.swift in Sources */,
				0538204526303F5400E5B835 /* WCParticipantModel.swift in Sources */,
				05A7F1A526075DC200C05D38 /* R.generated.swift in Sources */,
				0561C39F26E61DF600C8CB4F /* WCUtilityClass.swift in Sources */,
				0519F07526212FF300C9F71D /* WCPayerCell.swift in Sources */,
				0538204A2630408800E5B835 /* WCRealmHelper.swift in Sources */,
			);
			runOnlyForDeploymentPostprocessing = 0;
		};
		05DCC11A26075A0F00297E2F /* Sources */ = {
			isa = PBXSourcesBuildPhase;
			buildActionMask = 2147483647;
			files = (
				05DCC12326075A0F00297E2F /* WariCanTests.swift in Sources */,
				0524E9BD26E460AE00EBA291 /* DBTest.swift in Sources */,
				05278D4D26E4E0F900CC9AC0 /* CalculateMethodTest.swift in Sources */,
			);
			runOnlyForDeploymentPostprocessing = 0;
		};
		05DCC12526075A0F00297E2F /* Sources */ = {
			isa = PBXSourcesBuildPhase;
			buildActionMask = 2147483647;
			files = (
				05DCC12E26075A0F00297E2F /* WariCanUITests.swift in Sources */,
			);
			runOnlyForDeploymentPostprocessing = 0;
		};
/* End PBXSourcesBuildPhase section */

/* Begin PBXTargetDependency section */
		05DCC12026075A0F00297E2F /* PBXTargetDependency */ = {
			isa = PBXTargetDependency;
			target = 05DCC10726075A0C00297E2F /* WariCan */;
			targetProxy = 05DCC11F26075A0F00297E2F /* PBXContainerItemProxy */;
		};
		05DCC12B26075A0F00297E2F /* PBXTargetDependency */ = {
			isa = PBXTargetDependency;
			target = 05DCC10726075A0C00297E2F /* WariCan */;
			targetProxy = 05DCC12A26075A0F00297E2F /* PBXContainerItemProxy */;
		};
/* End PBXTargetDependency section */

/* Begin PBXVariantGroup section */
		05DCC11126075A0C00297E2F /* Main.storyboard */ = {
			isa = PBXVariantGroup;
			children = (
				05DCC11226075A0C00297E2F /* Base */,
			);
			name = Main.storyboard;
			sourceTree = "<group>";
		};
		05DCC11626075A0E00297E2F /* LaunchScreen.storyboard */ = {
			isa = PBXVariantGroup;
			children = (
				05DCC11726075A0E00297E2F /* Base */,
			);
			name = LaunchScreen.storyboard;
			sourceTree = "<group>";
		};
/* End PBXVariantGroup section */

/* Begin XCBuildConfiguration section */
		05DCC13026075A0F00297E2F /* Debug */ = {
			isa = XCBuildConfiguration;
			buildSettings = {
				ALWAYS_SEARCH_USER_PATHS = NO;
				CLANG_ANALYZER_NONNULL = YES;
				CLANG_ANALYZER_NUMBER_OBJECT_CONVERSION = YES_AGGRESSIVE;
				CLANG_CXX_LANGUAGE_STANDARD = "gnu++14";
				CLANG_CXX_LIBRARY = "libc++";
				CLANG_ENABLE_MODULES = YES;
				CLANG_ENABLE_OBJC_ARC = YES;
				CLANG_ENABLE_OBJC_WEAK = YES;
				CLANG_WARN_BLOCK_CAPTURE_AUTORELEASING = YES;
				CLANG_WARN_BOOL_CONVERSION = YES;
				CLANG_WARN_COMMA = YES;
				CLANG_WARN_CONSTANT_CONVERSION = YES;
				CLANG_WARN_DEPRECATED_OBJC_IMPLEMENTATIONS = YES;
				CLANG_WARN_DIRECT_OBJC_ISA_USAGE = YES_ERROR;
				CLANG_WARN_DOCUMENTATION_COMMENTS = YES;
				CLANG_WARN_EMPTY_BODY = YES;
				CLANG_WARN_ENUM_CONVERSION = YES;
				CLANG_WARN_INFINITE_RECURSION = YES;
				CLANG_WARN_INT_CONVERSION = YES;
				CLANG_WARN_NON_LITERAL_NULL_CONVERSION = YES;
				CLANG_WARN_OBJC_IMPLICIT_RETAIN_SELF = YES;
				CLANG_WARN_OBJC_LITERAL_CONVERSION = YES;
				CLANG_WARN_OBJC_ROOT_CLASS = YES_ERROR;
				CLANG_WARN_QUOTED_INCLUDE_IN_FRAMEWORK_HEADER = YES;
				CLANG_WARN_RANGE_LOOP_ANALYSIS = YES;
				CLANG_WARN_STRICT_PROTOTYPES = YES;
				CLANG_WARN_SUSPICIOUS_MOVE = YES;
				CLANG_WARN_UNGUARDED_AVAILABILITY = YES_AGGRESSIVE;
				CLANG_WARN_UNREACHABLE_CODE = YES;
				CLANG_WARN__DUPLICATE_METHOD_MATCH = YES;
				COPY_PHASE_STRIP = NO;
				DEBUG_INFORMATION_FORMAT = dwarf;
				ENABLE_STRICT_OBJC_MSGSEND = YES;
				ENABLE_TESTABILITY = YES;
				GCC_C_LANGUAGE_STANDARD = gnu11;
				GCC_DYNAMIC_NO_PIC = NO;
				GCC_NO_COMMON_BLOCKS = YES;
				GCC_OPTIMIZATION_LEVEL = 0;
				GCC_PREPROCESSOR_DEFINITIONS = (
					"DEBUG=1",
					"$(inherited)",
				);
				GCC_WARN_64_TO_32_BIT_CONVERSION = YES;
				GCC_WARN_ABOUT_RETURN_TYPE = YES_ERROR;
				GCC_WARN_UNDECLARED_SELECTOR = YES;
				GCC_WARN_UNINITIALIZED_AUTOS = YES_AGGRESSIVE;
				GCC_WARN_UNUSED_FUNCTION = YES;
				GCC_WARN_UNUSED_VARIABLE = YES;
				IPHONEOS_DEPLOYMENT_TARGET = 13.0;
				MTL_ENABLE_DEBUG_INFO = INCLUDE_SOURCE;
				MTL_FAST_MATH = YES;
				ONLY_ACTIVE_ARCH = YES;
				SDKROOT = iphoneos;
				SWIFT_ACTIVE_COMPILATION_CONDITIONS = DEBUG;
				SWIFT_OPTIMIZATION_LEVEL = "-Onone";
			};
			name = Debug;
		};
		05DCC13126075A0F00297E2F /* Release */ = {
			isa = XCBuildConfiguration;
			buildSettings = {
				ALWAYS_SEARCH_USER_PATHS = NO;
				CLANG_ANALYZER_NONNULL = YES;
				CLANG_ANALYZER_NUMBER_OBJECT_CONVERSION = YES_AGGRESSIVE;
				CLANG_CXX_LANGUAGE_STANDARD = "gnu++14";
				CLANG_CXX_LIBRARY = "libc++";
				CLANG_ENABLE_MODULES = YES;
				CLANG_ENABLE_OBJC_ARC = YES;
				CLANG_ENABLE_OBJC_WEAK = YES;
				CLANG_WARN_BLOCK_CAPTURE_AUTORELEASING = YES;
				CLANG_WARN_BOOL_CONVERSION = YES;
				CLANG_WARN_COMMA = YES;
				CLANG_WARN_CONSTANT_CONVERSION = YES;
				CLANG_WARN_DEPRECATED_OBJC_IMPLEMENTATIONS = YES;
				CLANG_WARN_DIRECT_OBJC_ISA_USAGE = YES_ERROR;
				CLANG_WARN_DOCUMENTATION_COMMENTS = YES;
				CLANG_WARN_EMPTY_BODY = YES;
				CLANG_WARN_ENUM_CONVERSION = YES;
				CLANG_WARN_INFINITE_RECURSION = YES;
				CLANG_WARN_INT_CONVERSION = YES;
				CLANG_WARN_NON_LITERAL_NULL_CONVERSION = YES;
				CLANG_WARN_OBJC_IMPLICIT_RETAIN_SELF = YES;
				CLANG_WARN_OBJC_LITERAL_CONVERSION = YES;
				CLANG_WARN_OBJC_ROOT_CLASS = YES_ERROR;
				CLANG_WARN_QUOTED_INCLUDE_IN_FRAMEWORK_HEADER = YES;
				CLANG_WARN_RANGE_LOOP_ANALYSIS = YES;
				CLANG_WARN_STRICT_PROTOTYPES = YES;
				CLANG_WARN_SUSPICIOUS_MOVE = YES;
				CLANG_WARN_UNGUARDED_AVAILABILITY = YES_AGGRESSIVE;
				CLANG_WARN_UNREACHABLE_CODE = YES;
				CLANG_WARN__DUPLICATE_METHOD_MATCH = YES;
				COPY_PHASE_STRIP = NO;
				DEBUG_INFORMATION_FORMAT = "dwarf-with-dsym";
				ENABLE_NS_ASSERTIONS = NO;
				ENABLE_STRICT_OBJC_MSGSEND = YES;
				GCC_C_LANGUAGE_STANDARD = gnu11;
				GCC_NO_COMMON_BLOCKS = YES;
				GCC_WARN_64_TO_32_BIT_CONVERSION = YES;
				GCC_WARN_ABOUT_RETURN_TYPE = YES_ERROR;
				GCC_WARN_UNDECLARED_SELECTOR = YES;
				GCC_WARN_UNINITIALIZED_AUTOS = YES_AGGRESSIVE;
				GCC_WARN_UNUSED_FUNCTION = YES;
				GCC_WARN_UNUSED_VARIABLE = YES;
				IPHONEOS_DEPLOYMENT_TARGET = 13.0;
				MTL_ENABLE_DEBUG_INFO = NO;
				MTL_FAST_MATH = YES;
				SDKROOT = iphoneos;
				SWIFT_COMPILATION_MODE = wholemodule;
				SWIFT_OPTIMIZATION_LEVEL = "-O";
				VALIDATE_PRODUCT = YES;
			};
			name = Release;
		};
		05DCC13326075A0F00297E2F /* Debug */ = {
			isa = XCBuildConfiguration;
			baseConfigurationReference = 6D1B048357473C9F91A0B189 /* Pods-WariCan.debug.xcconfig */;
			buildSettings = {
				ASSETCATALOG_COMPILER_APPICON_NAME = AppIcon;
				ASSETCATALOG_COMPILER_GLOBAL_ACCENT_COLOR_NAME = AccentColor;
				CODE_SIGN_STYLE = Automatic;
				CURRENT_PROJECT_VERSION = 1.3.3;
				DEVELOPMENT_TEAM = UMBT5JZV43;
				INFOPLIST_FILE = WariCan/Info.plist;
				LD_RUNPATH_SEARCH_PATHS = (
					"$(inherited)",
					"@executable_path/Frameworks",
				);
				MARKETING_VERSION = 1.3.3;
				PRODUCT_BUNDLE_IDENTIFIER = com.channaru0711.WariCan;
				PRODUCT_NAME = "$(TARGET_NAME)";
				SWIFT_VERSION = 5.0;
				TARGETED_DEVICE_FAMILY = 1;
			};
			name = Debug;
		};
		05DCC13426075A0F00297E2F /* Release */ = {
			isa = XCBuildConfiguration;
			baseConfigurationReference = 5BF916C6F4591E25A4A237D4 /* Pods-WariCan.release.xcconfig */;
			buildSettings = {
				ASSETCATALOG_COMPILER_APPICON_NAME = AppIcon;
				ASSETCATALOG_COMPILER_GLOBAL_ACCENT_COLOR_NAME = AccentColor;
				CODE_SIGN_STYLE = Automatic;
				CURRENT_PROJECT_VERSION = 1.3.3;
				DEVELOPMENT_TEAM = UMBT5JZV43;
				INFOPLIST_FILE = WariCan/Info.plist;
				LD_RUNPATH_SEARCH_PATHS = (
					"$(inherited)",
					"@executable_path/Frameworks",
				);
				MARKETING_VERSION = 1.3.3;
				PRODUCT_BUNDLE_IDENTIFIER = com.channaru0711.WariCan;
				PRODUCT_NAME = "$(TARGET_NAME)";
				SWIFT_VERSION = 5.0;
				TARGETED_DEVICE_FAMILY = 1;
			};
			name = Release;
		};
		05DCC13626075A0F00297E2F /* Debug */ = {
			isa = XCBuildConfiguration;
			baseConfigurationReference = 11D049E4686EA0E15B712167 /* Pods-WariCanTests.debug.xcconfig */;
			buildSettings = {
				ALWAYS_EMBED_SWIFT_STANDARD_LIBRARIES = YES;
				BUNDLE_LOADER = "$(TEST_HOST)";
				CODE_SIGN_STYLE = Automatic;
				DEVELOPMENT_TEAM = UMBT5JZV43;
				INFOPLIST_FILE = WariCanTests/Info.plist;
				IPHONEOS_DEPLOYMENT_TARGET = 14.4;
				LD_RUNPATH_SEARCH_PATHS = (
					"$(inherited)",
					"@executable_path/Frameworks",
					"@loader_path/Frameworks",
				);
				PRODUCT_BUNDLE_IDENTIFIER = com.channaru0711.WariCanTests;
				PRODUCT_NAME = "$(TARGET_NAME)";
				SWIFT_VERSION = 5.0;
				TARGETED_DEVICE_FAMILY = "1,2";
				TEST_HOST = "$(BUILT_PRODUCTS_DIR)/WariCan.app/WariCan";
			};
			name = Debug;
		};
		05DCC13726075A0F00297E2F /* Release */ = {
			isa = XCBuildConfiguration;
			baseConfigurationReference = F3D01ED13038B7A7A78D3854 /* Pods-WariCanTests.release.xcconfig */;
			buildSettings = {
				ALWAYS_EMBED_SWIFT_STANDARD_LIBRARIES = YES;
				BUNDLE_LOADER = "$(TEST_HOST)";
				CODE_SIGN_STYLE = Automatic;
				DEVELOPMENT_TEAM = UMBT5JZV43;
				INFOPLIST_FILE = WariCanTests/Info.plist;
				IPHONEOS_DEPLOYMENT_TARGET = 14.4;
				LD_RUNPATH_SEARCH_PATHS = (
					"$(inherited)",
					"@executable_path/Frameworks",
					"@loader_path/Frameworks",
				);
				PRODUCT_BUNDLE_IDENTIFIER = com.channaru0711.WariCanTests;
				PRODUCT_NAME = "$(TARGET_NAME)";
				SWIFT_VERSION = 5.0;
				TARGETED_DEVICE_FAMILY = "1,2";
				TEST_HOST = "$(BUILT_PRODUCTS_DIR)/WariCan.app/WariCan";
			};
			name = Release;
		};
		05DCC13926075A0F00297E2F /* Debug */ = {
			isa = XCBuildConfiguration;
			baseConfigurationReference = ABF6E8AFE7326DFECD00BA83 /* Pods-WariCan-WariCanUITests.debug.xcconfig */;
			buildSettings = {
				ALWAYS_EMBED_SWIFT_STANDARD_LIBRARIES = YES;
				CODE_SIGN_STYLE = Automatic;
				DEVELOPMENT_TEAM = UMBT5JZV43;
				INFOPLIST_FILE = WariCanUITests/Info.plist;
				LD_RUNPATH_SEARCH_PATHS = (
					"$(inherited)",
					"@executable_path/Frameworks",
					"@loader_path/Frameworks",
				);
				PRODUCT_BUNDLE_IDENTIFIER = com.channaru0711.WariCanUITests;
				PRODUCT_NAME = "$(TARGET_NAME)";
				SWIFT_VERSION = 5.0;
				TARGETED_DEVICE_FAMILY = "1,2";
				TEST_TARGET_NAME = WariCan;
			};
			name = Debug;
		};
		05DCC13A26075A0F00297E2F /* Release */ = {
			isa = XCBuildConfiguration;
			baseConfigurationReference = C84D0BAA12D09D32D68F8520 /* Pods-WariCan-WariCanUITests.release.xcconfig */;
			buildSettings = {
				ALWAYS_EMBED_SWIFT_STANDARD_LIBRARIES = YES;
				CODE_SIGN_STYLE = Automatic;
				DEVELOPMENT_TEAM = UMBT5JZV43;
				INFOPLIST_FILE = WariCanUITests/Info.plist;
				LD_RUNPATH_SEARCH_PATHS = (
					"$(inherited)",
					"@executable_path/Frameworks",
					"@loader_path/Frameworks",
				);
				PRODUCT_BUNDLE_IDENTIFIER = com.channaru0711.WariCanUITests;
				PRODUCT_NAME = "$(TARGET_NAME)";
				SWIFT_VERSION = 5.0;
				TARGETED_DEVICE_FAMILY = "1,2";
				TEST_TARGET_NAME = WariCan;
			};
			name = Release;
		};
/* End XCBuildConfiguration section */

/* Begin XCConfigurationList section */
		05DCC10326075A0C00297E2F /* Build configuration list for PBXProject "WariCan" */ = {
			isa = XCConfigurationList;
			buildConfigurations = (
				05DCC13026075A0F00297E2F /* Debug */,
				05DCC13126075A0F00297E2F /* Release */,
			);
			defaultConfigurationIsVisible = 0;
			defaultConfigurationName = Release;
		};
		05DCC13226075A0F00297E2F /* Build configuration list for PBXNativeTarget "WariCan" */ = {
			isa = XCConfigurationList;
			buildConfigurations = (
				05DCC13326075A0F00297E2F /* Debug */,
				05DCC13426075A0F00297E2F /* Release */,
			);
			defaultConfigurationIsVisible = 0;
			defaultConfigurationName = Release;
		};
		05DCC13526075A0F00297E2F /* Build configuration list for PBXNativeTarget "WariCanTests" */ = {
			isa = XCConfigurationList;
			buildConfigurations = (
				05DCC13626075A0F00297E2F /* Debug */,
				05DCC13726075A0F00297E2F /* Release */,
			);
			defaultConfigurationIsVisible = 0;
			defaultConfigurationName = Release;
		};
		05DCC13826075A0F00297E2F /* Build configuration list for PBXNativeTarget "WariCanUITests" */ = {
			isa = XCConfigurationList;
			buildConfigurations = (
				05DCC13926075A0F00297E2F /* Debug */,
				05DCC13A26075A0F00297E2F /* Release */,
			);
			defaultConfigurationIsVisible = 0;
			defaultConfigurationName = Release;
		};
/* End XCConfigurationList section */
	};
	rootObject = 05DCC10026075A0C00297E2F /* Project object */;
}
